{
    "_readme": [
        "This file locks the dependencies of your project to a known state",
        "Read more about it at https://getcomposer.org/doc/01-basic-usage.md#composer-lock-the-lock-file",
        "This file is @generated automatically"
    ],
    "content-hash": "d8d295e7372deff02fa3186cfafc9e15",
    "packages": [
        {
            "name": "deanblackborough/php-quill-renderer",
            "version": "v0.10",
            "source": {
                "type": "git",
                "url": "https://github.com/deanblackborough/php-quill-renderer.git",
                "reference": "f164d5225a472882aa60f89f5f0defe2206043c5"
            },
            "dist": {
                "type": "zip",
                "url": "https://api.github.com/repos/deanblackborough/php-quill-renderer/zipball/f164d5225a472882aa60f89f5f0defe2206043c5",
                "reference": "f164d5225a472882aa60f89f5f0defe2206043c5",
                "shasum": ""
            },
            "require": {
                "php": "^5.6 || ^7.0"
            },
            "require-dev": {
                "phpunit/phpunit": "^5.4"
            },
            "type": "library",
            "autoload": {
                "psr-0": {
                    "DBlackborough\\Quill": "src"
                }
            },
            "notification-url": "https://packagist.org/downloads/",
            "license": [
                "MIT"
            ],
            "authors": [
                {
                    "name": "Dean Blackborough",
                    "email": "dean@g3d-development.com"
                }
            ],
            "description": "Render quill insert deltas to HTML",
            "homepage": "https://github.com/deanblackborough/php-quill-renderer",
            "keywords": [
                "html",
                "quill",
                "renderer"
            ],
            "time": "2017-02-26T14:49:09+00:00"
        }
    ],
    "packages-dev": [],
    "aliases": [],
    "minimum-stability": "stable",
    "stability-flags": [],
    "prefer-stable": false,
    "prefer-lowest": false,
    "platform": [],
    "platform-dev": []
}
