{
    "_readme": [
        "This file locks the dependencies of your project to a known state",
        "Read more about it at https://getcomposer.org/doc/01-basic-usage.md#composer-lock-the-lock-file",
        "This file is @generated automatically"
    ],
    "content-hash": "f1f5ecf89015904e6a8bf42498d831f4",
    "packages": [
        {
            "name": "deanblackborough/php-quill-renderer",
            "version": "v1.01.0",
            "source": {
                "type": "git",
                "url": "https://github.com/deanblackborough/php-quill-renderer.git",
                "reference": "2fd6880b9a596f6ad06aaec98d5b88c69263bb74"
            },
            "dist": {
                "type": "zip",
                "url": "https://api.github.com/repos/deanblackborough/php-quill-renderer/zipball/2fd6880b9a596f6ad06aaec98d5b88c69263bb74",
                "reference": "2fd6880b9a596f6ad06aaec98d5b88c69263bb74",
                "shasum": ""
            },
            "require": {
                "php": "^5.6 || ^7.0"
            },
            "require-dev": {
                "phpunit/phpunit": "^6"
            },
            "type": "library",
            "autoload": {
                "psr-4": {
                    "DBlackborough\\Quill\\": "src/"
                }
            },
            "notification-url": "https://packagist.org/downloads/",
            "license": [
                "MIT"
            ],
            "authors": [
                {
                    "name": "Dean Blackborough",
                    "email": "dean@g3d-development.com"
                }
            ],
            "description": "Render quill insert deltas to HTML and soon markdown",
            "homepage": "https://github.com/deanblackborough/php-quill-renderer",
            "keywords": [
                "delta",
                "html",
                "parse",
                "quill",
                "quilljs",
                "renderer"
            ],
            "time": "2017-09-04T18:39:25+00:00"
        }
    ],
    "packages-dev": [],
    "aliases": [],
    "minimum-stability": "stable",
    "stability-flags": [],
    "prefer-stable": false,
    "prefer-lowest": false,
    "platform": [],
    "platform-dev": []
}
